
Microsoft Visual Studio Solution File, Format Version 12.00
# Visual Studio Version 17
VisualStudioVersion = 17.14.36518.9 d17.14
MinimumVisualStudioVersion = 10.0.40219.1
Project("{FAE04EC0-301F-11D3-BF4B-00C04F79EFBC}") = "ÖVNING 1 – Lön efter skatt", "ÖVNING 1 – Lön efter skatt.csproj", "{2232421A-7105-4423-8188-7794B2A45BD3}"
EndProject
Global
	GlobalSection(SolutionConfigurationPlatforms) = preSolution
		Debug|Any CPU = Debug|Any CPU
		Release|Any CPU = Release|Any CPU
	EndGlobalSection
	GlobalSection(ProjectConfigurationPlatforms) = postSolution
		{2232421A-7105-4423-8188-7794B2A45BD3}.Debug|Any CPU.ActiveCfg = Debug|Any CPU
		{2232421A-7105-4423-8188-7794B2A45BD3}.Debug|Any CPU.Build.0 = Debug|Any CPU
		{2232421A-7105-4423-8188-7794B2A45BD3}.Release|Any CPU.ActiveCfg = Release|Any CPU
		{2232421A-7105-4423-8188-7794B2A45BD3}.Release|Any CPU.Build.0 = Release|Any CPU
	EndGlobalSection
	GlobalSection(SolutionProperties) = preSolution
		HideSolutionNode = FALSE
	EndGlobalSection
	GlobalSection(ExtensibilityGlobals) = postSolution
		SolutionGuid = {F015CF6C-3B11-40E7-B6E4-10E7D42590E0}
	EndGlobalSection
EndGlobal
